
Microsoft Visual Studio Solution File, Format Version 12.00
# Visual Studio Version 16
VisualStudioVersion = 16.0.29613.14
MinimumVisualStudioVersion = 10.0.40219.1
Project("{FAE04EC0-301F-11D3-BF4B-00C04F79EFBC}") = "COMP123-Lesson6-Part2", "COMP123-Lesson6-Part2.csproj", "{C9F2E2CA-1C3C-4426-85B1-B9C71823562B}"
EndProject
Global
	GlobalSection(SolutionConfigurationPlatforms) = preSolution
		Debug|Any CPU = Debug|Any CPU
		Release|Any CPU = Release|Any CPU
	EndGlobalSection
	GlobalSection(ProjectConfigurationPlatforms) = postSolution
		{C9F2E2CA-1C3C-4426-85B1-B9C71823562B}.Debug|Any CPU.ActiveCfg = Debug|Any CPU
		{C9F2E2CA-1C3C-4426-85B1-B9C71823562B}.Debug|Any CPU.Build.0 = Debug|Any CPU
		{C9F2E2CA-1C3C-4426-85B1-B9C71823562B}.Release|Any CPU.ActiveCfg = Release|Any CPU
		{C9F2E2CA-1C3C-4426-85B1-B9C71823562B}.Release|Any CPU.Build.0 = Release|Any CPU
	EndGlobalSection
	GlobalSection(SolutionProperties) = preSolution
		HideSolutionNode = FALSE
	EndGlobalSection
	GlobalSection(ExtensibilityGlobals) = postSolution
		SolutionGuid = {25282284-6EEB-4CFC-B3EE-F6F5C1CD7858}
	EndGlobalSection
EndGlobal
